
Microsoft Visual Studio Solution File, Format Version 12.00
# Visual Studio Version 17
VisualStudioVersion = 17.0.31903.59
MinimumVisualStudioVersion = 10.0.40219.1
Project("{9A19103F-16F7-4668-BE54-9A1E7A4F7556}") = "WorkflowEngine.Api", "WorkflowEngine.Api\WorkflowEngine.Api.csproj", "{FFF3B9FA-8B8B-43AC-B731-07BF1912F523}"
EndProject
Project("{9A19103F-16F7-4668-BE54-9A1E7A4F7556}") = "WorkflowEngine.Domain", "WorkflowEngine.Domain\WorkflowEngine.Domain.csproj", "{5E42FBC9-6236-4296-9820-91569B69F2DB}"
EndProject
Project("{9A19103F-16F7-4668-BE54-9A1E7A4F7556}") = "WorkflowEngine.Runtime", "WorkflowEngine.Runtime\WorkflowEngine.Runtime.csproj", "{A31219D8-7116-47C9-983D-C0A24B25D95F}"
EndProject
Project("{9A19103F-16F7-4668-BE54-9A1E7A4F7556}") = "WorkflowEngine.Infrastructure", "WorkflowEngine.Infrastructure\WorkflowEngine.Infrastructure.csproj", "{87A4ACA1-102B-4E64-A475-F22710D757AE}"
EndProject
Global
	GlobalSection(SolutionConfigurationPlatforms) = preSolution
		Debug|Any CPU = Debug|Any CPU
		Release|Any CPU = Release|Any CPU
	EndGlobalSection
	GlobalSection(ProjectConfigurationPlatforms) = postSolution
		{FFF3B9FA-8B8B-43AC-B731-07BF1912F523}.Debug|Any CPU.ActiveCfg = Debug|Any CPU
		{FFF3B9FA-8B8B-43AC-B731-07BF1912F523}.Debug|Any CPU.Build.0 = Debug|Any CPU
		{FFF3B9FA-8B8B-43AC-B731-07BF1912F523}.Release|Any CPU.ActiveCfg = Release|Any CPU
		{FFF3B9FA-8B8B-43AC-B731-07BF1912F523}.Release|Any CPU.Build.0 = Release|Any CPU
		{5E42FBC9-6236-4296-9820-91569B69F2DB}.Debug|Any CPU.ActiveCfg = Debug|Any CPU
		{5E42FBC9-6236-4296-9820-91569B69F2DB}.Debug|Any CPU.Build.0 = Debug|Any CPU
		{5E42FBC9-6236-4296-9820-91569B69F2DB}.Release|Any CPU.ActiveCfg = Release|Any CPU
		{5E42FBC9-6236-4296-9820-91569B69F2DB}.Release|Any CPU.Build.0 = Release|Any CPU
		{A31219D8-7116-47C9-983D-C0A24B25D95F}.Debug|Any CPU.ActiveCfg = Debug|Any CPU
		{A31219D8-7116-47C9-983D-C0A24B25D95F}.Debug|Any CPU.Build.0 = Debug|Any CPU
		{A31219D8-7116-47C9-983D-C0A24B25D95F}.Release|Any CPU.ActiveCfg = Release|Any CPU
		{A31219D8-7116-47C9-983D-C0A24B25D95F}.Release|Any CPU.Build.0 = Release|Any CPU
		{87A4ACA1-102B-4E64-A475-F22710D757AE}.Debug|Any CPU.ActiveCfg = Debug|Any CPU
		{87A4ACA1-102B-4E64-A475-F22710D757AE}.Debug|Any CPU.Build.0 = Debug|Any CPU
		{87A4ACA1-102B-4E64-A475-F22710D757AE}.Release|Any CPU.ActiveCfg = Release|Any CPU
		{87A4ACA1-102B-4E64-A475-F22710D757AE}.Release|Any CPU.Build.0 = Release|Any CPU
	EndGlobalSection
	GlobalSection(SolutionProperties) = preSolution
		HideSolutionNode = FALSE
	EndGlobalSection
	GlobalSection(ExtensibilityGlobals) = postSolution
		SolutionGuid = {72D1F6AF-2179-469A-9DA7-6DF35EB483C8}
	EndGlobalSection
EndGlobal
